Microsoft Visual Studio Solution File, Format Version 12.00
# Visual Studio 15
Project("{8BC9CEB8-8B4A-11D0-8D11-00A0C91BC942}") = "ALL_BUILD", "ALL_BUILD.vcxproj", "{6C524ED3-16D9-303B-A7E1-94C3EABDD89F}"
	ProjectSection(ProjectDependencies) = postProject
		{A7E70DC2-E7AD-3AAF-B2E2-AB67CFB07FBA} = {A7E70DC2-E7AD-3AAF-B2E2-AB67CFB07FBA}
		{7B2C5A1B-CA01-36DE-9AE7-2287DAD486C8} = {7B2C5A1B-CA01-36DE-9AE7-2287DAD486C8}
		{9F117DD6-712C-31D6-8252-702AC037AB14} = {9F117DD6-712C-31D6-8252-702AC037AB14}
		{860D208E-07AE-3EA0-BA22-9D998C3BFB6F} = {860D208E-07AE-3EA0-BA22-9D998C3BFB6F}
		{CB092B21-3212-3BCB-9EB1-28B902D1985C} = {CB092B21-3212-3BCB-9EB1-28B902D1985C}
		{75B0904C-3B2F-3E02-A708-0E38D740EFCD} = {75B0904C-3B2F-3E02-A708-0E38D740EFCD}
		{90943003-D89C-381C-8CF7-9C6A691A1DD0} = {90943003-D89C-381C-8CF7-9C6A691A1DD0}
		{D8D466CE-F69C-32D0-ABE9-53230507F7B0} = {D8D466CE-F69C-32D0-ABE9-53230507F7B0}
		{68DD13A5-CC34-3BE3-B20A-EE7C9596AFC3} = {68DD13A5-CC34-3BE3-B20A-EE7C9596AFC3}
		{C69D4A79-B64C-3930-83A2-C695AFE0F42A} = {C69D4A79-B64C-3930-83A2-C695AFE0F42A}
		{2B94E4C6-7A3E-3AAF-AEA7-838FB52F3701} = {2B94E4C6-7A3E-3AAF-AEA7-838FB52F3701}
		{A066D18C-AE44-3009-B3B5-46544C3AED49} = {A066D18C-AE44-3009-B3B5-46544C3AED49}
		{280AE7BB-2560-3666-BB3A-8FEBA303BED4} = {280AE7BB-2560-3666-BB3A-8FEBA303BED4}
		{973F205D-1014-3531-9944-88C6E866028C} = {973F205D-1014-3531-9944-88C6E866028C}
		{AE52F8DF-4BAB-35C2-9046-B8DC8C54080E} = {AE52F8DF-4BAB-35C2-9046-B8DC8C54080E}
		{A4A8EE71-EC51-327F-AE1B-EA6BEF436045} = {A4A8EE71-EC51-327F-AE1B-EA6BEF436045}
		{748554A5-572F-33D8-9632-EAA7885DF2C9} = {748554A5-572F-33D8-9632-EAA7885DF2C9}
		{7D9EA91B-AED5-30AA-892D-1196507646BD} = {7D9EA91B-AED5-30AA-892D-1196507646BD}
		{CF3B2975-4498-3B73-A207-931FE9635F06} = {CF3B2975-4498-3B73-A207-931FE9635F06}
		{ED2C5295-1897-356B-8C2A-CEE04413D4F7} = {ED2C5295-1897-356B-8C2A-CEE04413D4F7}
		{24CECB09-4BDE-3ADD-9BBD-408337EB7767} = {24CECB09-4BDE-3ADD-9BBD-408337EB7767}
		{609D6F01-729E-3847-BEF5-7095B1D860F3} = {609D6F01-729E-3847-BEF5-7095B1D860F3}
		{23AB32D2-D6E4-3AB8-BA20-A67A9D65621E} = {23AB32D2-D6E4-3AB8-BA20-A67A9D65621E}
		{88A6CCFE-DB5E-32C5-8744-152AE2B5AE8C} = {88A6CCFE-DB5E-32C5-8744-152AE2B5AE8C}
	EndProjectSection
EndProject
Project("{8BC9CEB8-8B4A-11D0-8D11-00A0C91BC942}") = "CopyIlmBaseLibs", "src\ext\openexr\CopyIlmBaseLibs.vcxproj", "{CAEBD988-0523-3AF3-A985-B5850874F1C2}"
	ProjectSection(ProjectDependencies) = postProject
		{A7E70DC2-E7AD-3AAF-B2E2-AB67CFB07FBA} = {A7E70DC2-E7AD-3AAF-B2E2-AB67CFB07FBA}
		{7B2C5A1B-CA01-36DE-9AE7-2287DAD486C8} = {7B2C5A1B-CA01-36DE-9AE7-2287DAD486C8}
		{CB092B21-3212-3BCB-9EB1-28B902D1985C} = {CB092B21-3212-3BCB-9EB1-28B902D1985C}
		{75B0904C-3B2F-3E02-A708-0E38D740EFCD} = {75B0904C-3B2F-3E02-A708-0E38D740EFCD}
		{90943003-D89C-381C-8CF7-9C6A691A1DD0} = {90943003-D89C-381C-8CF7-9C6A691A1DD0}
	EndProjectSection
EndProject
Project("{8BC9CEB8-8B4A-11D0-8D11-00A0C91BC942}") = "Half", "src\ext\openexr\IlmBase\Half\Half.vcxproj", "{A7E70DC2-E7AD-3AAF-B2E2-AB67CFB07FBA}"
	ProjectSection(ProjectDependencies) = postProject
		{90943003-D89C-381C-8CF7-9C6A691A1DD0} = {90943003-D89C-381C-8CF7-9C6A691A1DD0}
		{280AE7BB-2560-3666-BB3A-8FEBA303BED4} = {280AE7BB-2560-3666-BB3A-8FEBA303BED4}
		{609D6F01-729E-3847-BEF5-7095B1D860F3} = {609D6F01-729E-3847-BEF5-7095B1D860F3}
	EndProjectSection
EndProject
Project("{8BC9CEB8-8B4A-11D0-8D11-00A0C91BC942}") = "INSTALL", "INSTALL.vcxproj", "{D8B9FB9E-3363-3F8F-B2FF-3469CC3F8BA9}"
	ProjectSection(ProjectDependencies) = postProject
		{6C524ED3-16D9-303B-A7E1-94C3EABDD89F} = {6C524ED3-16D9-303B-A7E1-94C3EABDD89F}
		{90943003-D89C-381C-8CF7-9C6A691A1DD0} = {90943003-D89C-381C-8CF7-9C6A691A1DD0}
	EndProjectSection
EndProject
Project("{8BC9CEB8-8B4A-11D0-8D11-00A0C91BC942}") = "Iex", "src\ext\openexr\IlmBase\Iex\Iex.vcxproj", "{7B2C5A1B-CA01-36DE-9AE7-2287DAD486C8}"
	ProjectSection(ProjectDependencies) = postProject
		{90943003-D89C-381C-8CF7-9C6A691A1DD0} = {90943003-D89C-381C-8CF7-9C6A691A1DD0}
	EndProjectSection
EndProject
Project("{8BC9CEB8-8B4A-11D0-8D11-00A0C91BC942}") = "IexMath", "src\ext\openexr\IlmBase\IexMath\IexMath.vcxproj", "{9F117DD6-712C-31D6-8252-702AC037AB14}"
	ProjectSection(ProjectDependencies) = postProject
		{7B2C5A1B-CA01-36DE-9AE7-2287DAD486C8} = {7B2C5A1B-CA01-36DE-9AE7-2287DAD486C8}
		{90943003-D89C-381C-8CF7-9C6A691A1DD0} = {90943003-D89C-381C-8CF7-9C6A691A1DD0}
	EndProjectSection
EndProject
Project("{8BC9CEB8-8B4A-11D0-8D11-00A0C91BC942}") = "IlmImf", "src\ext\openexr\OpenEXR\IlmImf\IlmImf.vcxproj", "{860D208E-07AE-3EA0-BA22-9D998C3BFB6F}"
	ProjectSection(ProjectDependencies) = postProject
		{A7E70DC2-E7AD-3AAF-B2E2-AB67CFB07FBA} = {A7E70DC2-E7AD-3AAF-B2E2-AB67CFB07FBA}
		{7B2C5A1B-CA01-36DE-9AE7-2287DAD486C8} = {7B2C5A1B-CA01-36DE-9AE7-2287DAD486C8}
		{CB092B21-3212-3BCB-9EB1-28B902D1985C} = {CB092B21-3212-3BCB-9EB1-28B902D1985C}
		{75B0904C-3B2F-3E02-A708-0E38D740EFCD} = {75B0904C-3B2F-3E02-A708-0E38D740EFCD}
		{90943003-D89C-381C-8CF7-9C6A691A1DD0} = {90943003-D89C-381C-8CF7-9C6A691A1DD0}
		{D8D466CE-F69C-32D0-ABE9-53230507F7B0} = {D8D466CE-F69C-32D0-ABE9-53230507F7B0}
		{A066D18C-AE44-3009-B3B5-46544C3AED49} = {A066D18C-AE44-3009-B3B5-46544C3AED49}
	EndProjectSection
EndProject
Project("{8BC9CEB8-8B4A-11D0-8D11-00A0C91BC942}") = "IlmThread", "src\ext\openexr\IlmBase\IlmThread\IlmThread.vcxproj", "{CB092B21-3212-3BCB-9EB1-28B902D1985C}"
	ProjectSection(ProjectDependencies) = postProject
		{7B2C5A1B-CA01-36DE-9AE7-2287DAD486C8} = {7B2C5A1B-CA01-36DE-9AE7-2287DAD486C8}
		{90943003-D89C-381C-8CF7-9C6A691A1DD0} = {90943003-D89C-381C-8CF7-9C6A691A1DD0}
	EndProjectSection
EndProject
Project("{8BC9CEB8-8B4A-11D0-8D11-00A0C91BC942}") = "Imath", "src\ext\openexr\IlmBase\Imath\Imath.vcxproj", "{75B0904C-3B2F-3E02-A708-0E38D740EFCD}"
	ProjectSection(ProjectDependencies) = postProject
		{7B2C5A1B-CA01-36DE-9AE7-2287DAD486C8} = {7B2C5A1B-CA01-36DE-9AE7-2287DAD486C8}
		{90943003-D89C-381C-8CF7-9C6A691A1DD0} = {90943003-D89C-381C-8CF7-9C6A691A1DD0}
	EndProjectSection
EndProject
Project("{8BC9CEB8-8B4A-11D0-8D11-00A0C91BC942}") = "PACKAGE", "PACKAGE.vcxproj", "{63A5D707-6243-3C95-948D-5D53BF3AC179}"
	ProjectSection(ProjectDependencies) = postProject
		{6C524ED3-16D9-303B-A7E1-94C3EABDD89F} = {6C524ED3-16D9-303B-A7E1-94C3EABDD89F}
		{90943003-D89C-381C-8CF7-9C6A691A1DD0} = {90943003-D89C-381C-8CF7-9C6A691A1DD0}
	EndProjectSection
EndProject
Project("{8BC9CEB8-8B4A-11D0-8D11-00A0C91BC942}") = "RUN_TESTS", "RUN_TESTS.vcxproj", "{A4BFD4A8-46B1-378B-9212-DAE466AAF36C}"
	ProjectSection(ProjectDependencies) = postProject
		{90943003-D89C-381C-8CF7-9C6A691A1DD0} = {90943003-D89C-381C-8CF7-9C6A691A1DD0}
	EndProjectSection
EndProject
Project("{8BC9CEB8-8B4A-11D0-8D11-00A0C91BC942}") = "ZERO_CHECK", "ZERO_CHECK.vcxproj", "{90943003-D89C-381C-8CF7-9C6A691A1DD0}"
	ProjectSection(ProjectDependencies) = postProject
	EndProjectSection
EndProject
Project("{8BC9CEB8-8B4A-11D0-8D11-00A0C91BC942}") = "b44ExpLogTable", "src\ext\openexr\OpenEXR\IlmImf\b44ExpLogTable.vcxproj", "{D8D466CE-F69C-32D0-ABE9-53230507F7B0}"
	ProjectSection(ProjectDependencies) = postProject
		{CAEBD988-0523-3AF3-A985-B5850874F1C2} = {CAEBD988-0523-3AF3-A985-B5850874F1C2}
		{A7E70DC2-E7AD-3AAF-B2E2-AB67CFB07FBA} = {A7E70DC2-E7AD-3AAF-B2E2-AB67CFB07FBA}
		{7B2C5A1B-CA01-36DE-9AE7-2287DAD486C8} = {7B2C5A1B-CA01-36DE-9AE7-2287DAD486C8}
		{CB092B21-3212-3BCB-9EB1-28B902D1985C} = {CB092B21-3212-3BCB-9EB1-28B902D1985C}
		{90943003-D89C-381C-8CF7-9C6A691A1DD0} = {90943003-D89C-381C-8CF7-9C6A691A1DD0}
	EndProjectSection
EndProject
Project("{8BC9CEB8-8B4A-11D0-8D11-00A0C91BC942}") = "bsdftest", "bsdftest.vcxproj", "{68DD13A5-CC34-3BE3-B20A-EE7C9596AFC3}"
	ProjectSection(ProjectDependencies) = postProject
		{A7E70DC2-E7AD-3AAF-B2E2-AB67CFB07FBA} = {A7E70DC2-E7AD-3AAF-B2E2-AB67CFB07FBA}
		{7B2C5A1B-CA01-36DE-9AE7-2287DAD486C8} = {7B2C5A1B-CA01-36DE-9AE7-2287DAD486C8}
		{860D208E-07AE-3EA0-BA22-9D998C3BFB6F} = {860D208E-07AE-3EA0-BA22-9D998C3BFB6F}
		{CB092B21-3212-3BCB-9EB1-28B902D1985C} = {CB092B21-3212-3BCB-9EB1-28B902D1985C}
		{75B0904C-3B2F-3E02-A708-0E38D740EFCD} = {75B0904C-3B2F-3E02-A708-0E38D740EFCD}
		{90943003-D89C-381C-8CF7-9C6A691A1DD0} = {90943003-D89C-381C-8CF7-9C6A691A1DD0}
		{973F205D-1014-3531-9944-88C6E866028C} = {973F205D-1014-3531-9944-88C6E866028C}
		{7D9EA91B-AED5-30AA-892D-1196507646BD} = {7D9EA91B-AED5-30AA-892D-1196507646BD}
		{88A6CCFE-DB5E-32C5-8744-152AE2B5AE8C} = {88A6CCFE-DB5E-32C5-8744-152AE2B5AE8C}
	EndProjectSection
EndProject
Project("{8BC9CEB8-8B4A-11D0-8D11-00A0C91BC942}") = "cyhair2pbrt", "cyhair2pbrt.vcxproj", "{C69D4A79-B64C-3930-83A2-C695AFE0F42A}"
	ProjectSection(ProjectDependencies) = postProject
		{90943003-D89C-381C-8CF7-9C6A691A1DD0} = {90943003-D89C-381C-8CF7-9C6A691A1DD0}
		{7D9EA91B-AED5-30AA-892D-1196507646BD} = {7D9EA91B-AED5-30AA-892D-1196507646BD}
	EndProjectSection
EndProject
Project("{8BC9CEB8-8B4A-11D0-8D11-00A0C91BC942}") = "demangle_unittest", "src\ext\glog\demangle_unittest.vcxproj", "{2B94E4C6-7A3E-3AAF-AEA7-838FB52F3701}"
	ProjectSection(ProjectDependencies) = postProject
		{90943003-D89C-381C-8CF7-9C6A691A1DD0} = {90943003-D89C-381C-8CF7-9C6A691A1DD0}
		{973F205D-1014-3531-9944-88C6E866028C} = {973F205D-1014-3531-9944-88C6E866028C}
	EndProjectSection
EndProject
Project("{8BC9CEB8-8B4A-11D0-8D11-00A0C91BC942}") = "dwaLookups", "src\ext\openexr\OpenEXR\IlmImf\dwaLookups.vcxproj", "{A066D18C-AE44-3009-B3B5-46544C3AED49}"
	ProjectSection(ProjectDependencies) = postProject
		{CAEBD988-0523-3AF3-A985-B5850874F1C2} = {CAEBD988-0523-3AF3-A985-B5850874F1C2}
		{A7E70DC2-E7AD-3AAF-B2E2-AB67CFB07FBA} = {A7E70DC2-E7AD-3AAF-B2E2-AB67CFB07FBA}
		{7B2C5A1B-CA01-36DE-9AE7-2287DAD486C8} = {7B2C5A1B-CA01-36DE-9AE7-2287DAD486C8}
		{CB092B21-3212-3BCB-9EB1-28B902D1985C} = {CB092B21-3212-3BCB-9EB1-28B902D1985C}
		{90943003-D89C-381C-8CF7-9C6A691A1DD0} = {90943003-D89C-381C-8CF7-9C6A691A1DD0}
	EndProjectSection
EndProject
Project("{8BC9CEB8-8B4A-11D0-8D11-00A0C91BC942}") = "eLut", "src\ext\openexr\IlmBase\Half\eLut.vcxproj", "{280AE7BB-2560-3666-BB3A-8FEBA303BED4}"
	ProjectSection(ProjectDependencies) = postProject
		{90943003-D89C-381C-8CF7-9C6A691A1DD0} = {90943003-D89C-381C-8CF7-9C6A691A1DD0}
	EndProjectSection
EndProject
Project("{8BC9CEB8-8B4A-11D0-8D11-00A0C91BC942}") = "glog", "src\ext\glog\glog.vcxproj", "{973F205D-1014-3531-9944-88C6E866028C}"
	ProjectSection(ProjectDependencies) = postProject
		{90943003-D89C-381C-8CF7-9C6A691A1DD0} = {90943003-D89C-381C-8CF7-9C6A691A1DD0}
	EndProjectSection
EndProject
Project("{8BC9CEB8-8B4A-11D0-8D11-00A0C91BC942}") = "imgtool", "imgtool.vcxproj", "{AE52F8DF-4BAB-35C2-9046-B8DC8C54080E}"
	ProjectSection(ProjectDependencies) = postProject
		{A7E70DC2-E7AD-3AAF-B2E2-AB67CFB07FBA} = {A7E70DC2-E7AD-3AAF-B2E2-AB67CFB07FBA}
		{7B2C5A1B-CA01-36DE-9AE7-2287DAD486C8} = {7B2C5A1B-CA01-36DE-9AE7-2287DAD486C8}
		{860D208E-07AE-3EA0-BA22-9D998C3BFB6F} = {860D208E-07AE-3EA0-BA22-9D998C3BFB6F}
		{CB092B21-3212-3BCB-9EB1-28B902D1985C} = {CB092B21-3212-3BCB-9EB1-28B902D1985C}
		{75B0904C-3B2F-3E02-A708-0E38D740EFCD} = {75B0904C-3B2F-3E02-A708-0E38D740EFCD}
		{90943003-D89C-381C-8CF7-9C6A691A1DD0} = {90943003-D89C-381C-8CF7-9C6A691A1DD0}
		{973F205D-1014-3531-9944-88C6E866028C} = {973F205D-1014-3531-9944-88C6E866028C}
		{7D9EA91B-AED5-30AA-892D-1196507646BD} = {7D9EA91B-AED5-30AA-892D-1196507646BD}
		{88A6CCFE-DB5E-32C5-8744-152AE2B5AE8C} = {88A6CCFE-DB5E-32C5-8744-152AE2B5AE8C}
	EndProjectSection
EndProject
Project("{8BC9CEB8-8B4A-11D0-8D11-00A0C91BC942}") = "logging_unittest", "src\ext\glog\logging_unittest.vcxproj", "{A4A8EE71-EC51-327F-AE1B-EA6BEF436045}"
	ProjectSection(ProjectDependencies) = postProject
		{90943003-D89C-381C-8CF7-9C6A691A1DD0} = {90943003-D89C-381C-8CF7-9C6A691A1DD0}
		{973F205D-1014-3531-9944-88C6E866028C} = {973F205D-1014-3531-9944-88C6E866028C}
	EndProjectSection
EndProject
Project("{8BC9CEB8-8B4A-11D0-8D11-00A0C91BC942}") = "obj2pbrt", "obj2pbrt.vcxproj", "{748554A5-572F-33D8-9632-EAA7885DF2C9}"
	ProjectSection(ProjectDependencies) = postProject
		{90943003-D89C-381C-8CF7-9C6A691A1DD0} = {90943003-D89C-381C-8CF7-9C6A691A1DD0}
		{7D9EA91B-AED5-30AA-892D-1196507646BD} = {7D9EA91B-AED5-30AA-892D-1196507646BD}
	EndProjectSection
EndProject
Project("{8BC9CEB8-8B4A-11D0-8D11-00A0C91BC942}") = "pbrt", "pbrt.vcxproj", "{7D9EA91B-AED5-30AA-892D-1196507646BD}"
	ProjectSection(ProjectDependencies) = postProject
		{90943003-D89C-381C-8CF7-9C6A691A1DD0} = {90943003-D89C-381C-8CF7-9C6A691A1DD0}
	EndProjectSection
EndProject
Project("{8BC9CEB8-8B4A-11D0-8D11-00A0C91BC942}") = "pbrt_exe", "pbrt_exe.vcxproj", "{CF3B2975-4498-3B73-A207-931FE9635F06}"
	ProjectSection(ProjectDependencies) = postProject
		{A7E70DC2-E7AD-3AAF-B2E2-AB67CFB07FBA} = {A7E70DC2-E7AD-3AAF-B2E2-AB67CFB07FBA}
		{7B2C5A1B-CA01-36DE-9AE7-2287DAD486C8} = {7B2C5A1B-CA01-36DE-9AE7-2287DAD486C8}
		{860D208E-07AE-3EA0-BA22-9D998C3BFB6F} = {860D208E-07AE-3EA0-BA22-9D998C3BFB6F}
		{CB092B21-3212-3BCB-9EB1-28B902D1985C} = {CB092B21-3212-3BCB-9EB1-28B902D1985C}
		{75B0904C-3B2F-3E02-A708-0E38D740EFCD} = {75B0904C-3B2F-3E02-A708-0E38D740EFCD}
		{90943003-D89C-381C-8CF7-9C6A691A1DD0} = {90943003-D89C-381C-8CF7-9C6A691A1DD0}
		{973F205D-1014-3531-9944-88C6E866028C} = {973F205D-1014-3531-9944-88C6E866028C}
		{7D9EA91B-AED5-30AA-892D-1196507646BD} = {7D9EA91B-AED5-30AA-892D-1196507646BD}
		{88A6CCFE-DB5E-32C5-8744-152AE2B5AE8C} = {88A6CCFE-DB5E-32C5-8744-152AE2B5AE8C}
	EndProjectSection
EndProject
Project("{8BC9CEB8-8B4A-11D0-8D11-00A0C91BC942}") = "pbrt_test", "pbrt_test.vcxproj", "{ED2C5295-1897-356B-8C2A-CEE04413D4F7}"
	ProjectSection(ProjectDependencies) = postProject
		{A7E70DC2-E7AD-3AAF-B2E2-AB67CFB07FBA} = {A7E70DC2-E7AD-3AAF-B2E2-AB67CFB07FBA}
		{7B2C5A1B-CA01-36DE-9AE7-2287DAD486C8} = {7B2C5A1B-CA01-36DE-9AE7-2287DAD486C8}
		{860D208E-07AE-3EA0-BA22-9D998C3BFB6F} = {860D208E-07AE-3EA0-BA22-9D998C3BFB6F}
		{CB092B21-3212-3BCB-9EB1-28B902D1985C} = {CB092B21-3212-3BCB-9EB1-28B902D1985C}
		{75B0904C-3B2F-3E02-A708-0E38D740EFCD} = {75B0904C-3B2F-3E02-A708-0E38D740EFCD}
		{90943003-D89C-381C-8CF7-9C6A691A1DD0} = {90943003-D89C-381C-8CF7-9C6A691A1DD0}
		{973F205D-1014-3531-9944-88C6E866028C} = {973F205D-1014-3531-9944-88C6E866028C}
		{7D9EA91B-AED5-30AA-892D-1196507646BD} = {7D9EA91B-AED5-30AA-892D-1196507646BD}
		{88A6CCFE-DB5E-32C5-8744-152AE2B5AE8C} = {88A6CCFE-DB5E-32C5-8744-152AE2B5AE8C}
	EndProjectSection
EndProject
Project("{8BC9CEB8-8B4A-11D0-8D11-00A0C91BC942}") = "stl_logging_unittest", "src\ext\glog\stl_logging_unittest.vcxproj", "{24CECB09-4BDE-3ADD-9BBD-408337EB7767}"
	ProjectSection(ProjectDependencies) = postProject
		{90943003-D89C-381C-8CF7-9C6A691A1DD0} = {90943003-D89C-381C-8CF7-9C6A691A1DD0}
		{973F205D-1014-3531-9944-88C6E866028C} = {973F205D-1014-3531-9944-88C6E866028C}
	EndProjectSection
EndProject
Project("{8BC9CEB8-8B4A-11D0-8D11-00A0C91BC942}") = "toFloat", "src\ext\openexr\IlmBase\Half\toFloat.vcxproj", "{609D6F01-729E-3847-BEF5-7095B1D860F3}"
	ProjectSection(ProjectDependencies) = postProject
		{90943003-D89C-381C-8CF7-9C6A691A1DD0} = {90943003-D89C-381C-8CF7-9C6A691A1DD0}
	EndProjectSection
EndProject
Project("{8BC9CEB8-8B4A-11D0-8D11-00A0C91BC942}") = "utilities_unittest", "src\ext\glog\utilities_unittest.vcxproj", "{23AB32D2-D6E4-3AB8-BA20-A67A9D65621E}"
	ProjectSection(ProjectDependencies) = postProject
		{90943003-D89C-381C-8CF7-9C6A691A1DD0} = {90943003-D89C-381C-8CF7-9C6A691A1DD0}
		{973F205D-1014-3531-9944-88C6E866028C} = {973F205D-1014-3531-9944-88C6E866028C}
	EndProjectSection
EndProject
Project("{8BC9CEB8-8B4A-11D0-8D11-00A0C91BC942}") = "zlibstatic", "src\ext\zlib\zlibstatic.vcxproj", "{88A6CCFE-DB5E-32C5-8744-152AE2B5AE8C}"
	ProjectSection(ProjectDependencies) = postProject
		{90943003-D89C-381C-8CF7-9C6A691A1DD0} = {90943003-D89C-381C-8CF7-9C6A691A1DD0}
	EndProjectSection
EndProject
Global
	GlobalSection(SolutionConfigurationPlatforms) = preSolution
		Debug|x64 = Debug|x64
		Release|x64 = Release|x64
		MinSizeRel|x64 = MinSizeRel|x64
		RelWithDebInfo|x64 = RelWithDebInfo|x64
	EndGlobalSection
	GlobalSection(ProjectConfigurationPlatforms) = postSolution
		{6C524ED3-16D9-303B-A7E1-94C3EABDD89F}.Debug|x64.ActiveCfg = Debug|x64
		{6C524ED3-16D9-303B-A7E1-94C3EABDD89F}.Debug|x64.Build.0 = Debug|x64
		{6C524ED3-16D9-303B-A7E1-94C3EABDD89F}.Release|x64.ActiveCfg = Release|x64
		{6C524ED3-16D9-303B-A7E1-94C3EABDD89F}.Release|x64.Build.0 = Release|x64
		{6C524ED3-16D9-303B-A7E1-94C3EABDD89F}.MinSizeRel|x64.ActiveCfg = MinSizeRel|x64
		{6C524ED3-16D9-303B-A7E1-94C3EABDD89F}.MinSizeRel|x64.Build.0 = MinSizeRel|x64
		{6C524ED3-16D9-303B-A7E1-94C3EABDD89F}.RelWithDebInfo|x64.ActiveCfg = RelWithDebInfo|x64
		{6C524ED3-16D9-303B-A7E1-94C3EABDD89F}.RelWithDebInfo|x64.Build.0 = RelWithDebInfo|x64
		{CAEBD988-0523-3AF3-A985-B5850874F1C2}.Debug|x64.ActiveCfg = Debug|x64
		{CAEBD988-0523-3AF3-A985-B5850874F1C2}.Debug|x64.Build.0 = Debug|x64
		{CAEBD988-0523-3AF3-A985-B5850874F1C2}.Release|x64.ActiveCfg = Release|x64
		{CAEBD988-0523-3AF3-A985-B5850874F1C2}.Release|x64.Build.0 = Release|x64
		{CAEBD988-0523-3AF3-A985-B5850874F1C2}.MinSizeRel|x64.ActiveCfg = MinSizeRel|x64
		{CAEBD988-0523-3AF3-A985-B5850874F1C2}.MinSizeRel|x64.Build.0 = MinSizeRel|x64
		{CAEBD988-0523-3AF3-A985-B5850874F1C2}.RelWithDebInfo|x64.ActiveCfg = RelWithDebInfo|x64
		{CAEBD988-0523-3AF3-A985-B5850874F1C2}.RelWithDebInfo|x64.Build.0 = RelWithDebInfo|x64
		{A7E70DC2-E7AD-3AAF-B2E2-AB67CFB07FBA}.Debug|x64.ActiveCfg = Debug|x64
		{A7E70DC2-E7AD-3AAF-B2E2-AB67CFB07FBA}.Debug|x64.Build.0 = Debug|x64
		{A7E70DC2-E7AD-3AAF-B2E2-AB67CFB07FBA}.Release|x64.ActiveCfg = Release|x64
		{A7E70DC2-E7AD-3AAF-B2E2-AB67CFB07FBA}.Release|x64.Build.0 = Release|x64
		{A7E70DC2-E7AD-3AAF-B2E2-AB67CFB07FBA}.MinSizeRel|x64.ActiveCfg = MinSizeRel|x64
		{A7E70DC2-E7AD-3AAF-B2E2-AB67CFB07FBA}.MinSizeRel|x64.Build.0 = MinSizeRel|x64
		{A7E70DC2-E7AD-3AAF-B2E2-AB67CFB07FBA}.RelWithDebInfo|x64.ActiveCfg = RelWithDebInfo|x64
		{A7E70DC2-E7AD-3AAF-B2E2-AB67CFB07FBA}.RelWithDebInfo|x64.Build.0 = RelWithDebInfo|x64
		{D8B9FB9E-3363-3F8F-B2FF-3469CC3F8BA9}.Debug|x64.ActiveCfg = Debug|x64
		{D8B9FB9E-3363-3F8F-B2FF-3469CC3F8BA9}.Release|x64.ActiveCfg = Release|x64
		{D8B9FB9E-3363-3F8F-B2FF-3469CC3F8BA9}.MinSizeRel|x64.ActiveCfg = MinSizeRel|x64
		{D8B9FB9E-3363-3F8F-B2FF-3469CC3F8BA9}.RelWithDebInfo|x64.ActiveCfg = RelWithDebInfo|x64
		{7B2C5A1B-CA01-36DE-9AE7-2287DAD486C8}.Debug|x64.ActiveCfg = Debug|x64
		{7B2C5A1B-CA01-36DE-9AE7-2287DAD486C8}.Debug|x64.Build.0 = Debug|x64
		{7B2C5A1B-CA01-36DE-9AE7-2287DAD486C8}.Release|x64.ActiveCfg = Release|x64
		{7B2C5A1B-CA01-36DE-9AE7-2287DAD486C8}.Release|x64.Build.0 = Release|x64
		{7B2C5A1B-CA01-36DE-9AE7-2287DAD486C8}.MinSizeRel|x64.ActiveCfg = MinSizeRel|x64
		{7B2C5A1B-CA01-36DE-9AE7-2287DAD486C8}.MinSizeRel|x64.Build.0 = MinSizeRel|x64
		{7B2C5A1B-CA01-36DE-9AE7-2287DAD486C8}.RelWithDebInfo|x64.ActiveCfg = RelWithDebInfo|x64
		{7B2C5A1B-CA01-36DE-9AE7-2287DAD486C8}.RelWithDebInfo|x64.Build.0 = RelWithDebInfo|x64
		{9F117DD6-712C-31D6-8252-702AC037AB14}.Debug|x64.ActiveCfg = Debug|x64
		{9F117DD6-712C-31D6-8252-702AC037AB14}.Debug|x64.Build.0 = Debug|x64
		{9F117DD6-712C-31D6-8252-702AC037AB14}.Release|x64.ActiveCfg = Release|x64
		{9F117DD6-712C-31D6-8252-702AC037AB14}.Release|x64.Build.0 = Release|x64
		{9F117DD6-712C-31D6-8252-702AC037AB14}.MinSizeRel|x64.ActiveCfg = MinSizeRel|x64
		{9F117DD6-712C-31D6-8252-702AC037AB14}.MinSizeRel|x64.Build.0 = MinSizeRel|x64
		{9F117DD6-712C-31D6-8252-702AC037AB14}.RelWithDebInfo|x64.ActiveCfg = RelWithDebInfo|x64
		{9F117DD6-712C-31D6-8252-702AC037AB14}.RelWithDebInfo|x64.Build.0 = RelWithDebInfo|x64
		{860D208E-07AE-3EA0-BA22-9D998C3BFB6F}.Debug|x64.ActiveCfg = Debug|x64
		{860D208E-07AE-3EA0-BA22-9D998C3BFB6F}.Debug|x64.Build.0 = Debug|x64
		{860D208E-07AE-3EA0-BA22-9D998C3BFB6F}.Release|x64.ActiveCfg = Release|x64
		{860D208E-07AE-3EA0-BA22-9D998C3BFB6F}.Release|x64.Build.0 = Release|x64
		{860D208E-07AE-3EA0-BA22-9D998C3BFB6F}.MinSizeRel|x64.ActiveCfg = MinSizeRel|x64
		{860D208E-07AE-3EA0-BA22-9D998C3BFB6F}.MinSizeRel|x64.Build.0 = MinSizeRel|x64
		{860D208E-07AE-3EA0-BA22-9D998C3BFB6F}.RelWithDebInfo|x64.ActiveCfg = RelWithDebInfo|x64
		{860D208E-07AE-3EA0-BA22-9D998C3BFB6F}.RelWithDebInfo|x64.Build.0 = RelWithDebInfo|x64
		{CB092B21-3212-3BCB-9EB1-28B902D1985C}.Debug|x64.ActiveCfg = Debug|x64
		{CB092B21-3212-3BCB-9EB1-28B902D1985C}.Debug|x64.Build.0 = Debug|x64
		{CB092B21-3212-3BCB-9EB1-28B902D1985C}.Release|x64.ActiveCfg = Release|x64
		{CB092B21-3212-3BCB-9EB1-28B902D1985C}.Release|x64.Build.0 = Release|x64
		{CB092B21-3212-3BCB-9EB1-28B902D1985C}.MinSizeRel|x64.ActiveCfg = MinSizeRel|x64
		{CB092B21-3212-3BCB-9EB1-28B902D1985C}.MinSizeRel|x64.Build.0 = MinSizeRel|x64
		{CB092B21-3212-3BCB-9EB1-28B902D1985C}.RelWithDebInfo|x64.ActiveCfg = RelWithDebInfo|x64
		{CB092B21-3212-3BCB-9EB1-28B902D1985C}.RelWithDebInfo|x64.Build.0 = RelWithDebInfo|x64
		{75B0904C-3B2F-3E02-A708-0E38D740EFCD}.Debug|x64.ActiveCfg = Debug|x64
		{75B0904C-3B2F-3E02-A708-0E38D740EFCD}.Debug|x64.Build.0 = Debug|x64
		{75B0904C-3B2F-3E02-A708-0E38D740EFCD}.Release|x64.ActiveCfg = Release|x64
		{75B0904C-3B2F-3E02-A708-0E38D740EFCD}.Release|x64.Build.0 = Release|x64
		{75B0904C-3B2F-3E02-A708-0E38D740EFCD}.MinSizeRel|x64.ActiveCfg = MinSizeRel|x64
		{75B0904C-3B2F-3E02-A708-0E38D740EFCD}.MinSizeRel|x64.Build.0 = MinSizeRel|x64
		{75B0904C-3B2F-3E02-A708-0E38D740EFCD}.RelWithDebInfo|x64.ActiveCfg = RelWithDebInfo|x64
		{75B0904C-3B2F-3E02-A708-0E38D740EFCD}.RelWithDebInfo|x64.Build.0 = RelWithDebInfo|x64
		{63A5D707-6243-3C95-948D-5D53BF3AC179}.Debug|x64.ActiveCfg = Debug|x64
		{63A5D707-6243-3C95-948D-5D53BF3AC179}.Release|x64.ActiveCfg = Release|x64
		{63A5D707-6243-3C95-948D-5D53BF3AC179}.MinSizeRel|x64.ActiveCfg = MinSizeRel|x64
		{63A5D707-6243-3C95-948D-5D53BF3AC179}.RelWithDebInfo|x64.ActiveCfg = RelWithDebInfo|x64
		{A4BFD4A8-46B1-378B-9212-DAE466AAF36C}.Debug|x64.ActiveCfg = Debug|x64
		{A4BFD4A8-46B1-378B-9212-DAE466AAF36C}.Release|x64.ActiveCfg = Release|x64
		{A4BFD4A8-46B1-378B-9212-DAE466AAF36C}.MinSizeRel|x64.ActiveCfg = MinSizeRel|x64
		{A4BFD4A8-46B1-378B-9212-DAE466AAF36C}.RelWithDebInfo|x64.ActiveCfg = RelWithDebInfo|x64
		{90943003-D89C-381C-8CF7-9C6A691A1DD0}.Debug|x64.ActiveCfg = Debug|x64
		{90943003-D89C-381C-8CF7-9C6A691A1DD0}.Debug|x64.Build.0 = Debug|x64
		{90943003-D89C-381C-8CF7-9C6A691A1DD0}.Release|x64.ActiveCfg = Release|x64
		{90943003-D89C-381C-8CF7-9C6A691A1DD0}.Release|x64.Build.0 = Release|x64
		{90943003-D89C-381C-8CF7-9C6A691A1DD0}.MinSizeRel|x64.ActiveCfg = MinSizeRel|x64
		{90943003-D89C-381C-8CF7-9C6A691A1DD0}.MinSizeRel|x64.Build.0 = MinSizeRel|x64
		{90943003-D89C-381C-8CF7-9C6A691A1DD0}.RelWithDebInfo|x64.ActiveCfg = RelWithDebInfo|x64
		{90943003-D89C-381C-8CF7-9C6A691A1DD0}.RelWithDebInfo|x64.Build.0 = RelWithDebInfo|x64
		{D8D466CE-F69C-32D0-ABE9-53230507F7B0}.Debug|x64.ActiveCfg = Debug|x64
		{D8D466CE-F69C-32D0-ABE9-53230507F7B0}.Debug|x64.Build.0 = Debug|x64
		{D8D466CE-F69C-32D0-ABE9-53230507F7B0}.Release|x64.ActiveCfg = Release|x64
		{D8D466CE-F69C-32D0-ABE9-53230507F7B0}.Release|x64.Build.0 = Release|x64
		{D8D466CE-F69C-32D0-ABE9-53230507F7B0}.MinSizeRel|x64.ActiveCfg = MinSizeRel|x64
		{D8D466CE-F69C-32D0-ABE9-53230507F7B0}.MinSizeRel|x64.Build.0 = MinSizeRel|x64
		{D8D466CE-F69C-32D0-ABE9-53230507F7B0}.RelWithDebInfo|x64.ActiveCfg = RelWithDebInfo|x64
		{D8D466CE-F69C-32D0-ABE9-53230507F7B0}.RelWithDebInfo|x64.Build.0 = RelWithDebInfo|x64
		{68DD13A5-CC34-3BE3-B20A-EE7C9596AFC3}.Debug|x64.ActiveCfg = Debug|x64
		{68DD13A5-CC34-3BE3-B20A-EE7C9596AFC3}.Debug|x64.Build.0 = Debug|x64
		{68DD13A5-CC34-3BE3-B20A-EE7C9596AFC3}.Release|x64.ActiveCfg = Release|x64
		{68DD13A5-CC34-3BE3-B20A-EE7C9596AFC3}.Release|x64.Build.0 = Release|x64
		{68DD13A5-CC34-3BE3-B20A-EE7C9596AFC3}.MinSizeRel|x64.ActiveCfg = MinSizeRel|x64
		{68DD13A5-CC34-3BE3-B20A-EE7C9596AFC3}.MinSizeRel|x64.Build.0 = MinSizeRel|x64
		{68DD13A5-CC34-3BE3-B20A-EE7C9596AFC3}.RelWithDebInfo|x64.ActiveCfg = RelWithDebInfo|x64
		{68DD13A5-CC34-3BE3-B20A-EE7C9596AFC3}.RelWithDebInfo|x64.Build.0 = RelWithDebInfo|x64
		{C69D4A79-B64C-3930-83A2-C695AFE0F42A}.Debug|x64.ActiveCfg = Debug|x64
		{C69D4A79-B64C-3930-83A2-C695AFE0F42A}.Debug|x64.Build.0 = Debug|x64
		{C69D4A79-B64C-3930-83A2-C695AFE0F42A}.Release|x64.ActiveCfg = Release|x64
		{C69D4A79-B64C-3930-83A2-C695AFE0F42A}.Release|x64.Build.0 = Release|x64
		{C69D4A79-B64C-3930-83A2-C695AFE0F42A}.MinSizeRel|x64.ActiveCfg = MinSizeRel|x64
		{C69D4A79-B64C-3930-83A2-C695AFE0F42A}.MinSizeRel|x64.Build.0 = MinSizeRel|x64
		{C69D4A79-B64C-3930-83A2-C695AFE0F42A}.RelWithDebInfo|x64.ActiveCfg = RelWithDebInfo|x64
		{C69D4A79-B64C-3930-83A2-C695AFE0F42A}.RelWithDebInfo|x64.Build.0 = RelWithDebInfo|x64
		{2B94E4C6-7A3E-3AAF-AEA7-838FB52F3701}.Debug|x64.ActiveCfg = Debug|x64
		{2B94E4C6-7A3E-3AAF-AEA7-838FB52F3701}.Debug|x64.Build.0 = Debug|x64
		{2B94E4C6-7A3E-3AAF-AEA7-838FB52F3701}.Release|x64.ActiveCfg = Release|x64
		{2B94E4C6-7A3E-3AAF-AEA7-838FB52F3701}.Release|x64.Build.0 = Release|x64
		{2B94E4C6-7A3E-3AAF-AEA7-838FB52F3701}.MinSizeRel|x64.ActiveCfg = MinSizeRel|x64
		{2B94E4C6-7A3E-3AAF-AEA7-838FB52F3701}.MinSizeRel|x64.Build.0 = MinSizeRel|x64
		{2B94E4C6-7A3E-3AAF-AEA7-838FB52F3701}.RelWithDebInfo|x64.ActiveCfg = RelWithDebInfo|x64
		{2B94E4C6-7A3E-3AAF-AEA7-838FB52F3701}.RelWithDebInfo|x64.Build.0 = RelWithDebInfo|x64
		{A066D18C-AE44-3009-B3B5-46544C3AED49}.Debug|x64.ActiveCfg = Debug|x64
		{A066D18C-AE44-3009-B3B5-46544C3AED49}.Debug|x64.Build.0 = Debug|x64
		{A066D18C-AE44-3009-B3B5-46544C3AED49}.Release|x64.ActiveCfg = Release|x64
		{A066D18C-AE44-3009-B3B5-46544C3AED49}.Release|x64.Build.0 = Release|x64
		{A066D18C-AE44-3009-B3B5-46544C3AED49}.MinSizeRel|x64.ActiveCfg = MinSizeRel|x64
		{A066D18C-AE44-3009-B3B5-46544C3AED49}.MinSizeRel|x64.Build.0 = MinSizeRel|x64
		{A066D18C-AE44-3009-B3B5-46544C3AED49}.RelWithDebInfo|x64.ActiveCfg = RelWithDebInfo|x64
		{A066D18C-AE44-3009-B3B5-46544C3AED49}.RelWithDebInfo|x64.Build.0 = RelWithDebInfo|x64
		{280AE7BB-2560-3666-BB3A-8FEBA303BED4}.Debug|x64.ActiveCfg = Debug|x64
		{280AE7BB-2560-3666-BB3A-8FEBA303BED4}.Debug|x64.Build.0 = Debug|x64
		{280AE7BB-2560-3666-BB3A-8FEBA303BED4}.Release|x64.ActiveCfg = Release|x64
		{280AE7BB-2560-3666-BB3A-8FEBA303BED4}.Release|x64.Build.0 = Release|x64
		{280AE7BB-2560-3666-BB3A-8FEBA303BED4}.MinSizeRel|x64.ActiveCfg = MinSizeRel|x64
		{280AE7BB-2560-3666-BB3A-8FEBA303BED4}.MinSizeRel|x64.Build.0 = MinSizeRel|x64
		{280AE7BB-2560-3666-BB3A-8FEBA303BED4}.RelWithDebInfo|x64.ActiveCfg = RelWithDebInfo|x64
		{280AE7BB-2560-3666-BB3A-8FEBA303BED4}.RelWithDebInfo|x64.Build.0 = RelWithDebInfo|x64
		{973F205D-1014-3531-9944-88C6E866028C}.Debug|x64.ActiveCfg = Debug|x64
		{973F205D-1014-3531-9944-88C6E866028C}.Debug|x64.Build.0 = Debug|x64
		{973F205D-1014-3531-9944-88C6E866028C}.Release|x64.ActiveCfg = Release|x64
		{973F205D-1014-3531-9944-88C6E866028C}.Release|x64.Build.0 = Release|x64
		{973F205D-1014-3531-9944-88C6E866028C}.MinSizeRel|x64.ActiveCfg = MinSizeRel|x64
		{973F205D-1014-3531-9944-88C6E866028C}.MinSizeRel|x64.Build.0 = MinSizeRel|x64
		{973F205D-1014-3531-9944-88C6E866028C}.RelWithDebInfo|x64.ActiveCfg = RelWithDebInfo|x64
		{973F205D-1014-3531-9944-88C6E866028C}.RelWithDebInfo|x64.Build.0 = RelWithDebInfo|x64
		{AE52F8DF-4BAB-35C2-9046-B8DC8C54080E}.Debug|x64.ActiveCfg = Debug|x64
		{AE52F8DF-4BAB-35C2-9046-B8DC8C54080E}.Debug|x64.Build.0 = Debug|x64
		{AE52F8DF-4BAB-35C2-9046-B8DC8C54080E}.Release|x64.ActiveCfg = Release|x64
		{AE52F8DF-4BAB-35C2-9046-B8DC8C54080E}.Release|x64.Build.0 = Release|x64
		{AE52F8DF-4BAB-35C2-9046-B8DC8C54080E}.MinSizeRel|x64.ActiveCfg = MinSizeRel|x64
		{AE52F8DF-4BAB-35C2-9046-B8DC8C54080E}.MinSizeRel|x64.Build.0 = MinSizeRel|x64
		{AE52F8DF-4BAB-35C2-9046-B8DC8C54080E}.RelWithDebInfo|x64.ActiveCfg = RelWithDebInfo|x64
		{AE52F8DF-4BAB-35C2-9046-B8DC8C54080E}.RelWithDebInfo|x64.Build.0 = RelWithDebInfo|x64
		{A4A8EE71-EC51-327F-AE1B-EA6BEF436045}.Debug|x64.ActiveCfg = Debug|x64
		{A4A8EE71-EC51-327F-AE1B-EA6BEF436045}.Debug|x64.Build.0 = Debug|x64
		{A4A8EE71-EC51-327F-AE1B-EA6BEF436045}.Release|x64.ActiveCfg = Release|x64
		{A4A8EE71-EC51-327F-AE1B-EA6BEF436045}.Release|x64.Build.0 = Release|x64
		{A4A8EE71-EC51-327F-AE1B-EA6BEF436045}.MinSizeRel|x64.ActiveCfg = MinSizeRel|x64
		{A4A8EE71-EC51-327F-AE1B-EA6BEF436045}.MinSizeRel|x64.Build.0 = MinSizeRel|x64
		{A4A8EE71-EC51-327F-AE1B-EA6BEF436045}.RelWithDebInfo|x64.ActiveCfg = RelWithDebInfo|x64
		{A4A8EE71-EC51-327F-AE1B-EA6BEF436045}.RelWithDebInfo|x64.Build.0 = RelWithDebInfo|x64
		{748554A5-572F-33D8-9632-EAA7885DF2C9}.Debug|x64.ActiveCfg = Debug|x64
		{748554A5-572F-33D8-9632-EAA7885DF2C9}.Debug|x64.Build.0 = Debug|x64
		{748554A5-572F-33D8-9632-EAA7885DF2C9}.Release|x64.ActiveCfg = Release|x64
		{748554A5-572F-33D8-9632-EAA7885DF2C9}.Release|x64.Build.0 = Release|x64
		{748554A5-572F-33D8-9632-EAA7885DF2C9}.MinSizeRel|x64.ActiveCfg = MinSizeRel|x64
		{748554A5-572F-33D8-9632-EAA7885DF2C9}.MinSizeRel|x64.Build.0 = MinSizeRel|x64
		{748554A5-572F-33D8-9632-EAA7885DF2C9}.RelWithDebInfo|x64.ActiveCfg = RelWithDebInfo|x64
		{748554A5-572F-33D8-9632-EAA7885DF2C9}.RelWithDebInfo|x64.Build.0 = RelWithDebInfo|x64
		{7D9EA91B-AED5-30AA-892D-1196507646BD}.Debug|x64.ActiveCfg = Debug|x64
		{7D9EA91B-AED5-30AA-892D-1196507646BD}.Debug|x64.Build.0 = Debug|x64
		{7D9EA91B-AED5-30AA-892D-1196507646BD}.Release|x64.ActiveCfg = Release|x64
		{7D9EA91B-AED5-30AA-892D-1196507646BD}.Release|x64.Build.0 = Release|x64
		{7D9EA91B-AED5-30AA-892D-1196507646BD}.MinSizeRel|x64.ActiveCfg = MinSizeRel|x64
		{7D9EA91B-AED5-30AA-892D-1196507646BD}.MinSizeRel|x64.Build.0 = MinSizeRel|x64
		{7D9EA91B-AED5-30AA-892D-1196507646BD}.RelWithDebInfo|x64.ActiveCfg = RelWithDebInfo|x64
		{7D9EA91B-AED5-30AA-892D-1196507646BD}.RelWithDebInfo|x64.Build.0 = RelWithDebInfo|x64
		{CF3B2975-4498-3B73-A207-931FE9635F06}.Debug|x64.ActiveCfg = Debug|x64
		{CF3B2975-4498-3B73-A207-931FE9635F06}.Debug|x64.Build.0 = Debug|x64
		{CF3B2975-4498-3B73-A207-931FE9635F06}.Release|x64.ActiveCfg = Release|x64
		{CF3B2975-4498-3B73-A207-931FE9635F06}.Release|x64.Build.0 = Release|x64
		{CF3B2975-4498-3B73-A207-931FE9635F06}.MinSizeRel|x64.ActiveCfg = MinSizeRel|x64
		{CF3B2975-4498-3B73-A207-931FE9635F06}.MinSizeRel|x64.Build.0 = MinSizeRel|x64
		{CF3B2975-4498-3B73-A207-931FE9635F06}.RelWithDebInfo|x64.ActiveCfg = RelWithDebInfo|x64
		{CF3B2975-4498-3B73-A207-931FE9635F06}.RelWithDebInfo|x64.Build.0 = RelWithDebInfo|x64
		{ED2C5295-1897-356B-8C2A-CEE04413D4F7}.Debug|x64.ActiveCfg = Debug|x64
		{ED2C5295-1897-356B-8C2A-CEE04413D4F7}.Debug|x64.Build.0 = Debug|x64
		{ED2C5295-1897-356B-8C2A-CEE04413D4F7}.Release|x64.ActiveCfg = Release|x64
		{ED2C5295-1897-356B-8C2A-CEE04413D4F7}.Release|x64.Build.0 = Release|x64
		{ED2C5295-1897-356B-8C2A-CEE04413D4F7}.MinSizeRel|x64.ActiveCfg = MinSizeRel|x64
		{ED2C5295-1897-356B-8C2A-CEE04413D4F7}.MinSizeRel|x64.Build.0 = MinSizeRel|x64
		{ED2C5295-1897-356B-8C2A-CEE04413D4F7}.RelWithDebInfo|x64.ActiveCfg = RelWithDebInfo|x64
		{ED2C5295-1897-356B-8C2A-CEE04413D4F7}.RelWithDebInfo|x64.Build.0 = RelWithDebInfo|x64
		{24CECB09-4BDE-3ADD-9BBD-408337EB7767}.Debug|x64.ActiveCfg = Debug|x64
		{24CECB09-4BDE-3ADD-9BBD-408337EB7767}.Debug|x64.Build.0 = Debug|x64
		{24CECB09-4BDE-3ADD-9BBD-408337EB7767}.Release|x64.ActiveCfg = Release|x64
		{24CECB09-4BDE-3ADD-9BBD-408337EB7767}.Release|x64.Build.0 = Release|x64
		{24CECB09-4BDE-3ADD-9BBD-408337EB7767}.MinSizeRel|x64.ActiveCfg = MinSizeRel|x64
		{24CECB09-4BDE-3ADD-9BBD-408337EB7767}.MinSizeRel|x64.Build.0 = MinSizeRel|x64
		{24CECB09-4BDE-3ADD-9BBD-408337EB7767}.RelWithDebInfo|x64.ActiveCfg = RelWithDebInfo|x64
		{24CECB09-4BDE-3ADD-9BBD-408337EB7767}.RelWithDebInfo|x64.Build.0 = RelWithDebInfo|x64
		{609D6F01-729E-3847-BEF5-7095B1D860F3}.Debug|x64.ActiveCfg = Debug|x64
		{609D6F01-729E-3847-BEF5-7095B1D860F3}.Debug|x64.Build.0 = Debug|x64
		{609D6F01-729E-3847-BEF5-7095B1D860F3}.Release|x64.ActiveCfg = Release|x64
		{609D6F01-729E-3847-BEF5-7095B1D860F3}.Release|x64.Build.0 = Release|x64
		{609D6F01-729E-3847-BEF5-7095B1D860F3}.MinSizeRel|x64.ActiveCfg = MinSizeRel|x64
		{609D6F01-729E-3847-BEF5-7095B1D860F3}.MinSizeRel|x64.Build.0 = MinSizeRel|x64
		{609D6F01-729E-3847-BEF5-7095B1D860F3}.RelWithDebInfo|x64.ActiveCfg = RelWithDebInfo|x64
		{609D6F01-729E-3847-BEF5-7095B1D860F3}.RelWithDebInfo|x64.Build.0 = RelWithDebInfo|x64
		{23AB32D2-D6E4-3AB8-BA20-A67A9D65621E}.Debug|x64.ActiveCfg = Debug|x64
		{23AB32D2-D6E4-3AB8-BA20-A67A9D65621E}.Debug|x64.Build.0 = Debug|x64
		{23AB32D2-D6E4-3AB8-BA20-A67A9D65621E}.Release|x64.ActiveCfg = Release|x64
		{23AB32D2-D6E4-3AB8-BA20-A67A9D65621E}.Release|x64.Build.0 = Release|x64
		{23AB32D2-D6E4-3AB8-BA20-A67A9D65621E}.MinSizeRel|x64.ActiveCfg = MinSizeRel|x64
		{23AB32D2-D6E4-3AB8-BA20-A67A9D65621E}.MinSizeRel|x64.Build.0 = MinSizeRel|x64
		{23AB32D2-D6E4-3AB8-BA20-A67A9D65621E}.RelWithDebInfo|x64.ActiveCfg = RelWithDebInfo|x64
		{23AB32D2-D6E4-3AB8-BA20-A67A9D65621E}.RelWithDebInfo|x64.Build.0 = RelWithDebInfo|x64
		{88A6CCFE-DB5E-32C5-8744-152AE2B5AE8C}.Debug|x64.ActiveCfg = Debug|x64
		{88A6CCFE-DB5E-32C5-8744-152AE2B5AE8C}.Debug|x64.Build.0 = Debug|x64
		{88A6CCFE-DB5E-32C5-8744-152AE2B5AE8C}.Release|x64.ActiveCfg = Release|x64
		{88A6CCFE-DB5E-32C5-8744-152AE2B5AE8C}.Release|x64.Build.0 = Release|x64
		{88A6CCFE-DB5E-32C5-8744-152AE2B5AE8C}.MinSizeRel|x64.ActiveCfg = MinSizeRel|x64
		{88A6CCFE-DB5E-32C5-8744-152AE2B5AE8C}.MinSizeRel|x64.Build.0 = MinSizeRel|x64
		{88A6CCFE-DB5E-32C5-8744-152AE2B5AE8C}.RelWithDebInfo|x64.ActiveCfg = RelWithDebInfo|x64
		{88A6CCFE-DB5E-32C5-8744-152AE2B5AE8C}.RelWithDebInfo|x64.Build.0 = RelWithDebInfo|x64
	EndGlobalSection
	GlobalSection(ExtensibilityGlobals) = postSolution
	EndGlobalSection
	GlobalSection(ExtensibilityAddIns) = postSolution
	EndGlobalSection
EndGlobal
