<?xml version="1.0" encoding="UTF-8"?>
<Project ToolsVersion="15.0" xmlns="http://schemas.microsoft.com/developer/msbuild/2003">
  <ItemGroup>
    <ClCompile Include="D:\Github\GIRadianceRegressionFunction\PBRT\src\tests\analytic_scenes.cpp">
      <Filter>Source Files</Filter>
    </ClCompile>
    <ClCompile Include="D:\Github\GIRadianceRegressionFunction\PBRT\src\tests\animatedtransform.cpp">
      <Filter>Source Files</Filter>
    </ClCompile>
    <ClCompile Include="D:\Github\GIRadianceRegressionFunction\PBRT\src\tests\bitops.cpp">
      <Filter>Source Files</Filter>
    </ClCompile>
    <ClCompile Include="D:\Github\GIRadianceRegressionFunction\PBRT\src\tests\bounds.cpp">
      <Filter>Source Files</Filter>
    </ClCompile>
    <ClCompile Include="D:\Github\GIRadianceRegressionFunction\PBRT\src\tests\bsdfs.cpp">
      <Filter>Source Files</Filter>
    </ClCompile>
    <ClCompile Include="D:\Github\GIRadianceRegressionFunction\PBRT\src\tests\fileutil.cpp">
      <Filter>Source Files</Filter>
    </ClCompile>
    <ClCompile Include="D:\Github\GIRadianceRegressionFunction\PBRT\src\tests\find_interval.cpp">
      <Filter>Source Files</Filter>
    </ClCompile>
    <ClCompile Include="D:\Github\GIRadianceRegressionFunction\PBRT\src\tests\fourierbsdf.cpp">
      <Filter>Source Files</Filter>
    </ClCompile>
    <ClCompile Include="D:\Github\GIRadianceRegressionFunction\PBRT\src\tests\fp_tests.cpp">
      <Filter>Source Files</Filter>
    </ClCompile>
    <ClCompile Include="D:\Github\GIRadianceRegressionFunction\PBRT\src\tests\hair.cpp">
      <Filter>Source Files</Filter>
    </ClCompile>
    <ClCompile Include="D:\Github\GIRadianceRegressionFunction\PBRT\src\tests\hg.cpp">
      <Filter>Source Files</Filter>
    </ClCompile>
    <ClCompile Include="D:\Github\GIRadianceRegressionFunction\PBRT\src\tests\imageio.cpp">
      <Filter>Source Files</Filter>
    </ClCompile>
    <ClCompile Include="D:\Github\GIRadianceRegressionFunction\PBRT\src\tests\print.cpp">
      <Filter>Source Files</Filter>
    </ClCompile>
    <ClCompile Include="D:\Github\GIRadianceRegressionFunction\PBRT\src\tests\sampling.cpp">
      <Filter>Source Files</Filter>
    </ClCompile>
    <ClCompile Include="D:\Github\GIRadianceRegressionFunction\PBRT\src\tests\shapes.cpp">
      <Filter>Source Files</Filter>
    </ClCompile>
    <ClCompile Include="D:\Github\GIRadianceRegressionFunction\PBRT\src\tests\spectrum.cpp">
      <Filter>Source Files</Filter>
    </ClCompile>
    <ClCompile Include="D:\Github\GIRadianceRegressionFunction\PBRT\src\tests\gtest\gtest-all.cc">
      <Filter>Source Files</Filter>
    </ClCompile>
    <ClCompile Include="D:\Github\GIRadianceRegressionFunction\PBRT\src\tests\gtest\gtest_main.cc">
      <Filter>Source Files</Filter>
    </ClCompile>
  </ItemGroup>
  <ItemGroup>
    <CustomBuild Include="D:\Github\GIRadianceRegressionFunction\PBRT\CMakeLists.txt" />
  </ItemGroup>
  <ItemGroup>
    <Filter Include="Source Files">
      <UniqueIdentifier>{09EF05F8-39A2-3D2D-8452-60BE2743C7DA}</UniqueIdentifier>
    </Filter>
  </ItemGroup>
</Project>
