<?xml version="1.0" encoding="UTF-8"?>
<Project ToolsVersion="15.0" xmlns="http://schemas.microsoft.com/developer/msbuild/2003">
  <ItemGroup>
    <CustomBuild Include="D:\Github\GIRadianceRegressionFunction\PBRT\CMakeFiles\97a9982b5717aaee714db613f5f0f8b4\generate.stamp.rule">
      <Filter>CMake Rules</Filter>
    </CustomBuild>
  </ItemGroup>
  <ItemGroup>
    <Filter Include="CMake Rules">
      <UniqueIdentifier>{E361716E-B357-3F48-B72F-7B29D719B243}</UniqueIdentifier>
    </Filter>
  </ItemGroup>
</Project>
